
Microsoft Visual Studio Solution File, Format Version 12.00
Project("{FAE04EC0-301F-11D3-BF4B-00C04F79EFBC}") = "MonoApp", "MonoApp\MonoApp.csproj", "{BD165343-A49F-41C3-8693-EB995E5DC3E2}"
EndProject
Project("{FAE04EC0-301F-11D3-BF4B-00C04F79EFBC}") = "Core", "Core\Core.csproj", "{660FCB55-00D8-4D45-9C8D-46858C2DA676}"
EndProject
Project("{FAE04EC0-301F-11D3-BF4B-00C04F79EFBC}") = "RepositoryLayer", "RepositoryLayer\RepositoryLayer.csproj", "{03CE8C7B-391C-412D-A4E3-AB1FCD809369}"
EndProject
Project("{FAE04EC0-301F-11D3-BF4B-00C04F79EFBC}") = "ServiceLayer", "ServiceLayer\ServiceLayer.csproj", "{0321C082-768A-4735-83FA-604430C42F61}"
EndProject
Project("{2150E333-8FDC-42A3-9474-1A3956D46DE8}") = "Services", "Services", "{E59255F4-ED6D-4031-A772-4C414452CBF2}"
EndProject
Project("{2150E333-8FDC-42A3-9474-1A3956D46DE8}") = "IdentityService", "IdentityService", "{69B9FD07-0273-49E2-8F0D-0B44C7F54A17}"
EndProject
Project("{FAE04EC0-301F-11D3-BF4B-00C04F79EFBC}") = "IdentityApi", "IdentityApi\IdentityApi.csproj", "{BB6EDDE7-AFE2-4EFD-AFD5-9BA11E5537CE}"
EndProject
Project("{2150E333-8FDC-42A3-9474-1A3956D46DE8}") = "UserService", "UserService", "{14DE7182-8338-4142-93D6-C827BD31A809}"
EndProject
Project("{FAE04EC0-301F-11D3-BF4B-00C04F79EFBC}") = "UserApi", "UserApi\UserApi.csproj", "{95DA706C-FC84-4F33-B4D2-C45D1C4B6E08}"
EndProject
Global
	GlobalSection(SolutionConfigurationPlatforms) = preSolution
		Debug|Any CPU = Debug|Any CPU
		Release|Any CPU = Release|Any CPU
	EndGlobalSection
	GlobalSection(ProjectConfigurationPlatforms) = postSolution
		{BD165343-A49F-41C3-8693-EB995E5DC3E2}.Debug|Any CPU.ActiveCfg = Debug|Any CPU
		{BD165343-A49F-41C3-8693-EB995E5DC3E2}.Debug|Any CPU.Build.0 = Debug|Any CPU
		{BD165343-A49F-41C3-8693-EB995E5DC3E2}.Release|Any CPU.ActiveCfg = Release|Any CPU
		{BD165343-A49F-41C3-8693-EB995E5DC3E2}.Release|Any CPU.Build.0 = Release|Any CPU
		{660FCB55-00D8-4D45-9C8D-46858C2DA676}.Debug|Any CPU.ActiveCfg = Debug|Any CPU
		{660FCB55-00D8-4D45-9C8D-46858C2DA676}.Debug|Any CPU.Build.0 = Debug|Any CPU
		{660FCB55-00D8-4D45-9C8D-46858C2DA676}.Release|Any CPU.ActiveCfg = Release|Any CPU
		{660FCB55-00D8-4D45-9C8D-46858C2DA676}.Release|Any CPU.Build.0 = Release|Any CPU
		{03CE8C7B-391C-412D-A4E3-AB1FCD809369}.Debug|Any CPU.ActiveCfg = Debug|Any CPU
		{03CE8C7B-391C-412D-A4E3-AB1FCD809369}.Debug|Any CPU.Build.0 = Debug|Any CPU
		{03CE8C7B-391C-412D-A4E3-AB1FCD809369}.Release|Any CPU.ActiveCfg = Release|Any CPU
		{03CE8C7B-391C-412D-A4E3-AB1FCD809369}.Release|Any CPU.Build.0 = Release|Any CPU
		{0321C082-768A-4735-83FA-604430C42F61}.Debug|Any CPU.ActiveCfg = Debug|Any CPU
		{0321C082-768A-4735-83FA-604430C42F61}.Debug|Any CPU.Build.0 = Debug|Any CPU
		{0321C082-768A-4735-83FA-604430C42F61}.Release|Any CPU.ActiveCfg = Release|Any CPU
		{0321C082-768A-4735-83FA-604430C42F61}.Release|Any CPU.Build.0 = Release|Any CPU
		{BB6EDDE7-AFE2-4EFD-AFD5-9BA11E5537CE}.Debug|Any CPU.ActiveCfg = Debug|Any CPU
		{BB6EDDE7-AFE2-4EFD-AFD5-9BA11E5537CE}.Debug|Any CPU.Build.0 = Debug|Any CPU
		{BB6EDDE7-AFE2-4EFD-AFD5-9BA11E5537CE}.Release|Any CPU.ActiveCfg = Release|Any CPU
		{BB6EDDE7-AFE2-4EFD-AFD5-9BA11E5537CE}.Release|Any CPU.Build.0 = Release|Any CPU
		{95DA706C-FC84-4F33-B4D2-C45D1C4B6E08}.Debug|Any CPU.ActiveCfg = Debug|Any CPU
		{95DA706C-FC84-4F33-B4D2-C45D1C4B6E08}.Debug|Any CPU.Build.0 = Debug|Any CPU
		{95DA706C-FC84-4F33-B4D2-C45D1C4B6E08}.Release|Any CPU.ActiveCfg = Release|Any CPU
		{95DA706C-FC84-4F33-B4D2-C45D1C4B6E08}.Release|Any CPU.Build.0 = Release|Any CPU
	EndGlobalSection
	GlobalSection(NestedProjects) = preSolution
		{69B9FD07-0273-49E2-8F0D-0B44C7F54A17} = {E59255F4-ED6D-4031-A772-4C414452CBF2}
		{BB6EDDE7-AFE2-4EFD-AFD5-9BA11E5537CE} = {69B9FD07-0273-49E2-8F0D-0B44C7F54A17}
		{14DE7182-8338-4142-93D6-C827BD31A809} = {E59255F4-ED6D-4031-A772-4C414452CBF2}
		{95DA706C-FC84-4F33-B4D2-C45D1C4B6E08} = {14DE7182-8338-4142-93D6-C827BD31A809}
	EndGlobalSection
EndGlobal
