
Microsoft Visual Studio Solution File, Format Version 12.00
Project("{FAE04EC0-301F-11D3-BF4B-00C04F79EFBC}") = "MonoApp", "MonoApp\MonoApp.csproj", "{BD165343-A49F-41C3-8693-EB995E5DC3E2}"
EndProject
Project("{FAE04EC0-301F-11D3-BF4B-00C04F79EFBC}") = "Core", "Core\Core.csproj", "{660FCB55-00D8-4D45-9C8D-46858C2DA676}"
EndProject
Project("{2150E333-8FDC-42A3-9474-1A3956D46DE8}") = "Services", "Services", "{E59255F4-ED6D-4031-A772-4C414452CBF2}"
EndProject
Project("{FAE04EC0-301F-11D3-BF4B-00C04F79EFBC}") = "UserApi", "UserApi\UserApi.csproj", "{95DA706C-FC84-4F33-B4D2-C45D1C4B6E08}"
EndProject
Project("{FAE04EC0-301F-11D3-BF4B-00C04F79EFBC}") = "UnitApi", "Unit\UnitApi.csproj", "{C6F462CD-49C7-40F2-95E9-3675AD361296}"
EndProject
Project("{FAE04EC0-301F-11D3-BF4B-00C04F79EFBC}") = "Common", "Common\Common.csproj", "{5EE7D37A-E0AB-4E21-A106-7BB7AC3F0A02}"
EndProject
Project("{2150E333-8FDC-42A3-9474-1A3956D46DE8}") = "Client", "Client", "{DF9A6D3C-678A-4C8B-B674-D36BEEEFDE57}"
EndProject
Project("{FAE04EC0-301F-11D3-BF4B-00C04F79EFBC}") = "Client", "Client\Client\Client.csproj", "{3F7932F8-9604-4509-99B0-46F185DBFF7C}"
EndProject
Project("{FAE04EC0-301F-11D3-BF4B-00C04F79EFBC}") = "Client.Android", "Client\Client.Android\Client.Android.csproj", "{1A50E509-4D46-4DDD-8588-B825749DDECF}"
EndProject
Project("{FAE04EC0-301F-11D3-BF4B-00C04F79EFBC}") = "Client.Desktop", "Client\Client.Desktop\Client.Desktop.csproj", "{AFF0DFBC-7492-4CB4-8239-25BB2D81AC29}"
EndProject
Project("{FAE04EC0-301F-11D3-BF4B-00C04F79EFBC}") = "Client.iOS", "Client\Client.iOS\Client.iOS.csproj", "{E6A123B3-42E9-4651-93D4-421DD62AEE20}"
EndProject
Project("{FAE04EC0-301F-11D3-BF4B-00C04F79EFBC}") = "Client.Browser", "Client\Client.Browser\Client.Browser.csproj", "{3FAD6229-B3AF-4E14-B201-830EABF1AA61}"
EndProject
Project("{FAE04EC0-301F-11D3-BF4B-00C04F79EFBC}") = "AuthServiceApi", "AuthService\AuthServiceApi.csproj", "{AF5AB20B-3A29-4D74-8B4F-2217EAA82043}"
EndProject
Project("{FAE04EC0-301F-11D3-BF4B-00C04F79EFBC}") = "MicroServiceTemplateApi", "MicroServiceTemplate\MicroServiceTemplateApi.csproj", "{F8EA1FDE-8756-4ACA-9777-19473F26FB20}"
EndProject
Project("{FAE04EC0-301F-11D3-BF4B-00C04F79EFBC}") = "Apis.Core", "Apis.Core\Apis.Core.csproj", "{F9AC6483-5E68-44AC-B49A-4433AD2DF5C1}"
EndProject
Project("{FAE04EC0-301F-11D3-BF4B-00C04F79EFBC}") = "WebSocket", "WebSocket\WebSocket.csproj", "{34BD61D2-F18F-461A-81E5-BC677F9EF92E}"
EndProject
Project("{FAE04EC0-301F-11D3-BF4B-00C04F79EFBC}") = "XamlKeyGenerator", "Client\XamlKeyGenerator\XamlKeyGenerator.csproj", "{FFA08D92-D23E-439B-A4AA-9B49C7CD4758}"
EndProject
Project("{FAE04EC0-301F-11D3-BF4B-00C04F79EFBC}") = "ComponentLibrary", "Client\ComponentLibrary\ComponentLibrary.csproj", "{24D3F67C-AE18-4EF4-8A9D-60D9E7E88909}"
EndProject
Global
	GlobalSection(SolutionConfigurationPlatforms) = preSolution
		Debug|Any CPU = Debug|Any CPU
		Release|Any CPU = Release|Any CPU
	EndGlobalSection
	GlobalSection(ProjectConfigurationPlatforms) = postSolution
		{BD165343-A49F-41C3-8693-EB995E5DC3E2}.Debug|Any CPU.ActiveCfg = Debug|Any CPU
		{BD165343-A49F-41C3-8693-EB995E5DC3E2}.Debug|Any CPU.Build.0 = Debug|Any CPU
		{BD165343-A49F-41C3-8693-EB995E5DC3E2}.Release|Any CPU.ActiveCfg = Release|Any CPU
		{BD165343-A49F-41C3-8693-EB995E5DC3E2}.Release|Any CPU.Build.0 = Release|Any CPU
		{660FCB55-00D8-4D45-9C8D-46858C2DA676}.Debug|Any CPU.ActiveCfg = Debug|Any CPU
		{660FCB55-00D8-4D45-9C8D-46858C2DA676}.Debug|Any CPU.Build.0 = Debug|Any CPU
		{660FCB55-00D8-4D45-9C8D-46858C2DA676}.Release|Any CPU.ActiveCfg = Release|Any CPU
		{660FCB55-00D8-4D45-9C8D-46858C2DA676}.Release|Any CPU.Build.0 = Release|Any CPU
		{95DA706C-FC84-4F33-B4D2-C45D1C4B6E08}.Debug|Any CPU.ActiveCfg = Debug|Any CPU
		{95DA706C-FC84-4F33-B4D2-C45D1C4B6E08}.Debug|Any CPU.Build.0 = Debug|Any CPU
		{95DA706C-FC84-4F33-B4D2-C45D1C4B6E08}.Release|Any CPU.ActiveCfg = Release|Any CPU
		{95DA706C-FC84-4F33-B4D2-C45D1C4B6E08}.Release|Any CPU.Build.0 = Release|Any CPU
		{C6F462CD-49C7-40F2-95E9-3675AD361296}.Debug|Any CPU.ActiveCfg = Debug|Any CPU
		{C6F462CD-49C7-40F2-95E9-3675AD361296}.Debug|Any CPU.Build.0 = Debug|Any CPU
		{C6F462CD-49C7-40F2-95E9-3675AD361296}.Release|Any CPU.ActiveCfg = Release|Any CPU
		{C6F462CD-49C7-40F2-95E9-3675AD361296}.Release|Any CPU.Build.0 = Release|Any CPU
		{5EE7D37A-E0AB-4E21-A106-7BB7AC3F0A02}.Debug|Any CPU.ActiveCfg = Debug|Any CPU
		{5EE7D37A-E0AB-4E21-A106-7BB7AC3F0A02}.Debug|Any CPU.Build.0 = Debug|Any CPU
		{5EE7D37A-E0AB-4E21-A106-7BB7AC3F0A02}.Release|Any CPU.ActiveCfg = Release|Any CPU
		{5EE7D37A-E0AB-4E21-A106-7BB7AC3F0A02}.Release|Any CPU.Build.0 = Release|Any CPU
		{3F7932F8-9604-4509-99B0-46F185DBFF7C}.Debug|Any CPU.ActiveCfg = Debug|Any CPU
		{3F7932F8-9604-4509-99B0-46F185DBFF7C}.Debug|Any CPU.Build.0 = Debug|Any CPU
		{3F7932F8-9604-4509-99B0-46F185DBFF7C}.Release|Any CPU.ActiveCfg = Release|Any CPU
		{3F7932F8-9604-4509-99B0-46F185DBFF7C}.Release|Any CPU.Build.0 = Release|Any CPU
		{1A50E509-4D46-4DDD-8588-B825749DDECF}.Debug|Any CPU.ActiveCfg = Debug|Any CPU
		{1A50E509-4D46-4DDD-8588-B825749DDECF}.Debug|Any CPU.Build.0 = Debug|Any CPU
		{1A50E509-4D46-4DDD-8588-B825749DDECF}.Release|Any CPU.ActiveCfg = Release|Any CPU
		{1A50E509-4D46-4DDD-8588-B825749DDECF}.Release|Any CPU.Build.0 = Release|Any CPU
		{AFF0DFBC-7492-4CB4-8239-25BB2D81AC29}.Debug|Any CPU.ActiveCfg = Debug|Any CPU
		{AFF0DFBC-7492-4CB4-8239-25BB2D81AC29}.Debug|Any CPU.Build.0 = Debug|Any CPU
		{AFF0DFBC-7492-4CB4-8239-25BB2D81AC29}.Release|Any CPU.ActiveCfg = Release|Any CPU
		{AFF0DFBC-7492-4CB4-8239-25BB2D81AC29}.Release|Any CPU.Build.0 = Release|Any CPU
		{E6A123B3-42E9-4651-93D4-421DD62AEE20}.Debug|Any CPU.ActiveCfg = Debug|Any CPU
		{E6A123B3-42E9-4651-93D4-421DD62AEE20}.Debug|Any CPU.Build.0 = Debug|Any CPU
		{E6A123B3-42E9-4651-93D4-421DD62AEE20}.Release|Any CPU.ActiveCfg = Release|Any CPU
		{E6A123B3-42E9-4651-93D4-421DD62AEE20}.Release|Any CPU.Build.0 = Release|Any CPU
		{3FAD6229-B3AF-4E14-B201-830EABF1AA61}.Debug|Any CPU.ActiveCfg = Debug|Any CPU
		{3FAD6229-B3AF-4E14-B201-830EABF1AA61}.Debug|Any CPU.Build.0 = Debug|Any CPU
		{3FAD6229-B3AF-4E14-B201-830EABF1AA61}.Release|Any CPU.ActiveCfg = Release|Any CPU
		{3FAD6229-B3AF-4E14-B201-830EABF1AA61}.Release|Any CPU.Build.0 = Release|Any CPU
		{AF5AB20B-3A29-4D74-8B4F-2217EAA82043}.Debug|Any CPU.ActiveCfg = Debug|Any CPU
		{AF5AB20B-3A29-4D74-8B4F-2217EAA82043}.Debug|Any CPU.Build.0 = Debug|Any CPU
		{AF5AB20B-3A29-4D74-8B4F-2217EAA82043}.Release|Any CPU.ActiveCfg = Release|Any CPU
		{AF5AB20B-3A29-4D74-8B4F-2217EAA82043}.Release|Any CPU.Build.0 = Release|Any CPU
		{F8EA1FDE-8756-4ACA-9777-19473F26FB20}.Debug|Any CPU.ActiveCfg = Debug|Any CPU
		{F8EA1FDE-8756-4ACA-9777-19473F26FB20}.Debug|Any CPU.Build.0 = Debug|Any CPU
		{F8EA1FDE-8756-4ACA-9777-19473F26FB20}.Release|Any CPU.ActiveCfg = Release|Any CPU
		{F8EA1FDE-8756-4ACA-9777-19473F26FB20}.Release|Any CPU.Build.0 = Release|Any CPU
		{F9AC6483-5E68-44AC-B49A-4433AD2DF5C1}.Debug|Any CPU.ActiveCfg = Debug|Any CPU
		{F9AC6483-5E68-44AC-B49A-4433AD2DF5C1}.Debug|Any CPU.Build.0 = Debug|Any CPU
		{F9AC6483-5E68-44AC-B49A-4433AD2DF5C1}.Release|Any CPU.ActiveCfg = Release|Any CPU
		{F9AC6483-5E68-44AC-B49A-4433AD2DF5C1}.Release|Any CPU.Build.0 = Release|Any CPU
		{34BD61D2-F18F-461A-81E5-BC677F9EF92E}.Debug|Any CPU.ActiveCfg = Debug|Any CPU
		{34BD61D2-F18F-461A-81E5-BC677F9EF92E}.Debug|Any CPU.Build.0 = Debug|Any CPU
		{34BD61D2-F18F-461A-81E5-BC677F9EF92E}.Release|Any CPU.ActiveCfg = Release|Any CPU
		{34BD61D2-F18F-461A-81E5-BC677F9EF92E}.Release|Any CPU.Build.0 = Release|Any CPU
		{FFA08D92-D23E-439B-A4AA-9B49C7CD4758}.Debug|Any CPU.ActiveCfg = Debug|Any CPU
		{FFA08D92-D23E-439B-A4AA-9B49C7CD4758}.Debug|Any CPU.Build.0 = Debug|Any CPU
		{FFA08D92-D23E-439B-A4AA-9B49C7CD4758}.Release|Any CPU.ActiveCfg = Release|Any CPU
		{FFA08D92-D23E-439B-A4AA-9B49C7CD4758}.Release|Any CPU.Build.0 = Release|Any CPU
		{24D3F67C-AE18-4EF4-8A9D-60D9E7E88909}.Debug|Any CPU.ActiveCfg = Debug|Any CPU
		{24D3F67C-AE18-4EF4-8A9D-60D9E7E88909}.Debug|Any CPU.Build.0 = Debug|Any CPU
		{24D3F67C-AE18-4EF4-8A9D-60D9E7E88909}.Release|Any CPU.ActiveCfg = Release|Any CPU
		{24D3F67C-AE18-4EF4-8A9D-60D9E7E88909}.Release|Any CPU.Build.0 = Release|Any CPU
	EndGlobalSection
	GlobalSection(NestedProjects) = preSolution
		{95DA706C-FC84-4F33-B4D2-C45D1C4B6E08} = {E59255F4-ED6D-4031-A772-4C414452CBF2}
		{C6F462CD-49C7-40F2-95E9-3675AD361296} = {E59255F4-ED6D-4031-A772-4C414452CBF2}
		{3F7932F8-9604-4509-99B0-46F185DBFF7C} = {DF9A6D3C-678A-4C8B-B674-D36BEEEFDE57}
		{1A50E509-4D46-4DDD-8588-B825749DDECF} = {DF9A6D3C-678A-4C8B-B674-D36BEEEFDE57}
		{AFF0DFBC-7492-4CB4-8239-25BB2D81AC29} = {DF9A6D3C-678A-4C8B-B674-D36BEEEFDE57}
		{E6A123B3-42E9-4651-93D4-421DD62AEE20} = {DF9A6D3C-678A-4C8B-B674-D36BEEEFDE57}
		{3FAD6229-B3AF-4E14-B201-830EABF1AA61} = {DF9A6D3C-678A-4C8B-B674-D36BEEEFDE57}
		{AF5AB20B-3A29-4D74-8B4F-2217EAA82043} = {E59255F4-ED6D-4031-A772-4C414452CBF2}
		{FFA08D92-D23E-439B-A4AA-9B49C7CD4758} = {DF9A6D3C-678A-4C8B-B674-D36BEEEFDE57}
		{24D3F67C-AE18-4EF4-8A9D-60D9E7E88909} = {DF9A6D3C-678A-4C8B-B674-D36BEEEFDE57}
	EndGlobalSection
EndGlobal
